
Microsoft Visual Studio Solution File, Format Version 12.00
# Visual Studio 15
VisualStudioVersion = 15.0.28307.489
MinimumVisualStudioVersion = 10.0.40219.1
Project("{FAE04EC0-301F-11D3-BF4B-00C04F79EFBC}") = "Fissure", "Fissure\Fissure.csproj", "{FDDFE64B-8AB5-4325-B1E2-EC35A9B70E6C}"
EndProject
Project("{FAE04EC0-301F-11D3-BF4B-00C04F79EFBC}") = "Fissure.Scripts", "Fissure.Scripts\Fissure.Scripts.csproj", "{05A4836C-3680-4CA8-970C-2A69341D15C8}"
EndProject
Global
	GlobalSection(SolutionConfigurationPlatforms) = preSolution
		Debug|Any CPU = Debug|Any CPU
		Release|Any CPU = Release|Any CPU
	EndGlobalSection
	GlobalSection(ProjectConfigurationPlatforms) = postSolution
		{FDDFE64B-8AB5-4325-B1E2-EC35A9B70E6C}.Debug|Any CPU.ActiveCfg = Debug|Any CPU
		{FDDFE64B-8AB5-4325-B1E2-EC35A9B70E6C}.Debug|Any CPU.Build.0 = Debug|Any CPU
		{FDDFE64B-8AB5-4325-B1E2-EC35A9B70E6C}.Release|Any CPU.ActiveCfg = Release|Any CPU
		{FDDFE64B-8AB5-4325-B1E2-EC35A9B70E6C}.Release|Any CPU.Build.0 = Release|Any CPU
		{05A4836C-3680-4CA8-970C-2A69341D15C8}.Debug|Any CPU.ActiveCfg = Debug|Any CPU
		{05A4836C-3680-4CA8-970C-2A69341D15C8}.Debug|Any CPU.Build.0 = Debug|Any CPU
		{05A4836C-3680-4CA8-970C-2A69341D15C8}.Release|Any CPU.ActiveCfg = Release|Any CPU
		{05A4836C-3680-4CA8-970C-2A69341D15C8}.Release|Any CPU.Build.0 = Release|Any CPU
	EndGlobalSection
	GlobalSection(SolutionProperties) = preSolution
		HideSolutionNode = FALSE
	EndGlobalSection
	GlobalSection(ExtensibilityGlobals) = postSolution
		SolutionGuid = {19715553-B38D-4865-A7E5-58626A5807C8}
	EndGlobalSection
EndGlobal
